
Microsoft Visual Studio Solution File, Format Version 12.00
# Visual Studio 2012
Project("{FAE04EC0-301F-11D3-BF4B-00C04F79EFBC}") = "01_Hello_World", "01_Hello_World\01_Hello_World.csproj", "{C6698741-48B9-436B-9A04-7438E3DC122C}"
EndProject
Project("{2150E333-8FDC-42A3-9474-1A3956D46DE8}") = "Solution Items", "Solution Items", "{26C6DD5D-D55E-4328-8B5C-098CB266587E}"
	ProjectSection(SolutionItems) = preProject
		README.md = README.md
	EndProjectSection
EndProject
Project("{FAE04EC0-301F-11D3-BF4B-00C04F79EFBC}") = "02_ertekatadas_pelda", "02_ertekatadas_pelda\02_ertekatadas_pelda.csproj", "{3F459FD1-B8D6-4793-9945-34CB6DE965A6}"
EndProject
Project("{FAE04EC0-301F-11D3-BF4B-00C04F79EFBC}") = "03_ertekatadas_referencia", "03_ertekatadas_referencia\03_ertekatadas_referencia.csproj", "{751E1DF6-A309-48C4-A185-FCB50E2C2424}"
EndProject
Global
	GlobalSection(SolutionConfigurationPlatforms) = preSolution
		Debug|Any CPU = Debug|Any CPU
		Release|Any CPU = Release|Any CPU
	EndGlobalSection
	GlobalSection(ProjectConfigurationPlatforms) = postSolution
		{C6698741-48B9-436B-9A04-7438E3DC122C}.Debug|Any CPU.ActiveCfg = Debug|Any CPU
		{C6698741-48B9-436B-9A04-7438E3DC122C}.Debug|Any CPU.Build.0 = Debug|Any CPU
		{C6698741-48B9-436B-9A04-7438E3DC122C}.Release|Any CPU.ActiveCfg = Release|Any CPU
		{C6698741-48B9-436B-9A04-7438E3DC122C}.Release|Any CPU.Build.0 = Release|Any CPU
		{3F459FD1-B8D6-4793-9945-34CB6DE965A6}.Debug|Any CPU.ActiveCfg = Debug|Any CPU
		{3F459FD1-B8D6-4793-9945-34CB6DE965A6}.Debug|Any CPU.Build.0 = Debug|Any CPU
		{3F459FD1-B8D6-4793-9945-34CB6DE965A6}.Release|Any CPU.ActiveCfg = Release|Any CPU
		{3F459FD1-B8D6-4793-9945-34CB6DE965A6}.Release|Any CPU.Build.0 = Release|Any CPU
		{751E1DF6-A309-48C4-A185-FCB50E2C2424}.Debug|Any CPU.ActiveCfg = Debug|Any CPU
		{751E1DF6-A309-48C4-A185-FCB50E2C2424}.Debug|Any CPU.Build.0 = Debug|Any CPU
		{751E1DF6-A309-48C4-A185-FCB50E2C2424}.Release|Any CPU.ActiveCfg = Release|Any CPU
		{751E1DF6-A309-48C4-A185-FCB50E2C2424}.Release|Any CPU.Build.0 = Release|Any CPU
	EndGlobalSection
	GlobalSection(SolutionProperties) = preSolution
		HideSolutionNode = FALSE
	EndGlobalSection
EndGlobal
