
Microsoft Visual Studio Solution File, Format Version 12.00
# Visual Studio Express 2013 for Windows Desktop
VisualStudioVersion = 12.0.30501.0
MinimumVisualStudioVersion = 10.0.40219.1
Project("{FAE04EC0-301F-11D3-BF4B-00C04F79EFBC}") = "01_Hello_World", "01_Hello_World\01_Hello_World.csproj", "{C6698741-48B9-436B-9A04-7438E3DC122C}"
EndProject
Project("{2150E333-8FDC-42A3-9474-1A3956D46DE8}") = "Solution Items", "Solution Items", "{26C6DD5D-D55E-4328-8B5C-098CB266587E}"
	ProjectSection(SolutionItems) = preProject
		README.md = README.md
	EndProjectSection
EndProject
Global
	GlobalSection(SolutionConfigurationPlatforms) = preSolution
		Debug|Any CPU = Debug|Any CPU
		Release|Any CPU = Release|Any CPU
	EndGlobalSection
	GlobalSection(ProjectConfigurationPlatforms) = postSolution
		{C6698741-48B9-436B-9A04-7438E3DC122C}.Debug|Any CPU.ActiveCfg = Debug|Any CPU
		{C6698741-48B9-436B-9A04-7438E3DC122C}.Debug|Any CPU.Build.0 = Debug|Any CPU
		{C6698741-48B9-436B-9A04-7438E3DC122C}.Release|Any CPU.ActiveCfg = Release|Any CPU
		{C6698741-48B9-436B-9A04-7438E3DC122C}.Release|Any CPU.Build.0 = Release|Any CPU
	EndGlobalSection
	GlobalSection(SolutionProperties) = preSolution
		HideSolutionNode = FALSE
	EndGlobalSection
EndGlobal
