
Microsoft Visual Studio Solution File, Format Version 12.00
# Visual Studio 2013
VisualStudioVersion = 12.0.21005.1
MinimumVisualStudioVersion = 10.0.40219.1
Project("{FAE04EC0-301F-11D3-BF4B-00C04F79EFBC}") = "01_Hello_World", "01_Hello_World\01_Hello_World.csproj", "{C6698741-48B9-436B-9A04-7438E3DC122C}"
EndProject
Project("{2150E333-8FDC-42A3-9474-1A3956D46DE8}") = "Solution Items", "Solution Items", "{26C6DD5D-D55E-4328-8B5C-098CB266587E}"
	ProjectSection(SolutionItems) = preProject
		README.md = README.md
	EndProjectSection
EndProject
Project("{FAE04EC0-301F-11D3-BF4B-00C04F79EFBC}") = "02_ertekatadas_pelda", "02_ertekatadas_pelda\02_ertekatadas_pelda.csproj", "{3F459FD1-B8D6-4793-9945-34CB6DE965A6}"
EndProject
Project("{FAE04EC0-301F-11D3-BF4B-00C04F79EFBC}") = "03_ertekatadas_referencia", "03_ertekatadas_referencia\03_ertekatadas_referencia.csproj", "{751E1DF6-A309-48C4-A185-FCB50E2C2424}"
EndProject
Project("{FAE04EC0-301F-11D3-BF4B-00C04F79EFBC}") = "04_adatbekeres_convert", "04_adatbekeres_convert\04_adatbekeres_convert.csproj", "{4130A764-9E7E-4F37-813E-D21B76D94214}"
EndProject
Project("{FAE04EC0-301F-11D3-BF4B-00C04F79EFBC}") = "05_adatbekeres_convert_hibakezelt", "05_adatbekeres_convert_hibakezelt\05_adatbekeres_convert_hibakezelt.csproj", "{9F6F443C-03E5-4E69-89C2-347DBE175D3D}"
EndProject
Project("{FAE04EC0-301F-11D3-BF4B-00C04F79EFBC}") = "06_object", "06_object\06_object.csproj", "{F91630FE-3264-4E8C-A11D-1BA3D6433BBC}"
EndProject
Project("{FAE04EC0-301F-11D3-BF4B-00C04F79EFBC}") = "07_statikus_objektum", "07_statikus_objektum\07_statikus_objektum.csproj", "{707F81C0-C739-4909-A7C9-962E567262BA}"
EndProject
Project("{FAE04EC0-301F-11D3-BF4B-00C04F79EFBC}") = "08_absztrakt_felulet", "08_absztrakt_felulet\08_absztrakt_felulet.csproj", "{7BF0A78D-014D-43A0-A690-B9CE13362A25}"
EndProject
Project("{FAE04EC0-301F-11D3-BF4B-00C04F79EFBC}") = "09_felulet_explicit", "09_felulet_explicit\09_felulet_explicit.csproj", "{65A58A6F-CC6C-4218-845B-40B485EC7240}"
EndProject
Global
	GlobalSection(SolutionConfigurationPlatforms) = preSolution
		Debug|Any CPU = Debug|Any CPU
		Release|Any CPU = Release|Any CPU
	EndGlobalSection
	GlobalSection(ProjectConfigurationPlatforms) = postSolution
		{C6698741-48B9-436B-9A04-7438E3DC122C}.Debug|Any CPU.ActiveCfg = Debug|Any CPU
		{C6698741-48B9-436B-9A04-7438E3DC122C}.Debug|Any CPU.Build.0 = Debug|Any CPU
		{C6698741-48B9-436B-9A04-7438E3DC122C}.Release|Any CPU.ActiveCfg = Release|Any CPU
		{C6698741-48B9-436B-9A04-7438E3DC122C}.Release|Any CPU.Build.0 = Release|Any CPU
		{3F459FD1-B8D6-4793-9945-34CB6DE965A6}.Debug|Any CPU.ActiveCfg = Debug|Any CPU
		{3F459FD1-B8D6-4793-9945-34CB6DE965A6}.Debug|Any CPU.Build.0 = Debug|Any CPU
		{3F459FD1-B8D6-4793-9945-34CB6DE965A6}.Release|Any CPU.ActiveCfg = Release|Any CPU
		{3F459FD1-B8D6-4793-9945-34CB6DE965A6}.Release|Any CPU.Build.0 = Release|Any CPU
		{751E1DF6-A309-48C4-A185-FCB50E2C2424}.Debug|Any CPU.ActiveCfg = Debug|Any CPU
		{751E1DF6-A309-48C4-A185-FCB50E2C2424}.Debug|Any CPU.Build.0 = Debug|Any CPU
		{751E1DF6-A309-48C4-A185-FCB50E2C2424}.Release|Any CPU.ActiveCfg = Release|Any CPU
		{751E1DF6-A309-48C4-A185-FCB50E2C2424}.Release|Any CPU.Build.0 = Release|Any CPU
		{4130A764-9E7E-4F37-813E-D21B76D94214}.Debug|Any CPU.ActiveCfg = Debug|Any CPU
		{4130A764-9E7E-4F37-813E-D21B76D94214}.Debug|Any CPU.Build.0 = Debug|Any CPU
		{4130A764-9E7E-4F37-813E-D21B76D94214}.Release|Any CPU.ActiveCfg = Release|Any CPU
		{4130A764-9E7E-4F37-813E-D21B76D94214}.Release|Any CPU.Build.0 = Release|Any CPU
		{9F6F443C-03E5-4E69-89C2-347DBE175D3D}.Debug|Any CPU.ActiveCfg = Debug|Any CPU
		{9F6F443C-03E5-4E69-89C2-347DBE175D3D}.Debug|Any CPU.Build.0 = Debug|Any CPU
		{9F6F443C-03E5-4E69-89C2-347DBE175D3D}.Release|Any CPU.ActiveCfg = Release|Any CPU
		{9F6F443C-03E5-4E69-89C2-347DBE175D3D}.Release|Any CPU.Build.0 = Release|Any CPU
		{F91630FE-3264-4E8C-A11D-1BA3D6433BBC}.Debug|Any CPU.ActiveCfg = Debug|Any CPU
		{F91630FE-3264-4E8C-A11D-1BA3D6433BBC}.Debug|Any CPU.Build.0 = Debug|Any CPU
		{F91630FE-3264-4E8C-A11D-1BA3D6433BBC}.Release|Any CPU.ActiveCfg = Release|Any CPU
		{F91630FE-3264-4E8C-A11D-1BA3D6433BBC}.Release|Any CPU.Build.0 = Release|Any CPU
		{707F81C0-C739-4909-A7C9-962E567262BA}.Debug|Any CPU.ActiveCfg = Debug|Any CPU
		{707F81C0-C739-4909-A7C9-962E567262BA}.Debug|Any CPU.Build.0 = Debug|Any CPU
		{707F81C0-C739-4909-A7C9-962E567262BA}.Release|Any CPU.ActiveCfg = Release|Any CPU
		{707F81C0-C739-4909-A7C9-962E567262BA}.Release|Any CPU.Build.0 = Release|Any CPU
		{7BF0A78D-014D-43A0-A690-B9CE13362A25}.Debug|Any CPU.ActiveCfg = Debug|Any CPU
		{7BF0A78D-014D-43A0-A690-B9CE13362A25}.Debug|Any CPU.Build.0 = Debug|Any CPU
		{7BF0A78D-014D-43A0-A690-B9CE13362A25}.Release|Any CPU.ActiveCfg = Release|Any CPU
		{7BF0A78D-014D-43A0-A690-B9CE13362A25}.Release|Any CPU.Build.0 = Release|Any CPU
		{65A58A6F-CC6C-4218-845B-40B485EC7240}.Debug|Any CPU.ActiveCfg = Debug|Any CPU
		{65A58A6F-CC6C-4218-845B-40B485EC7240}.Debug|Any CPU.Build.0 = Debug|Any CPU
		{65A58A6F-CC6C-4218-845B-40B485EC7240}.Release|Any CPU.ActiveCfg = Release|Any CPU
		{65A58A6F-CC6C-4218-845B-40B485EC7240}.Release|Any CPU.Build.0 = Release|Any CPU
	EndGlobalSection
	GlobalSection(SolutionProperties) = preSolution
		HideSolutionNode = FALSE
	EndGlobalSection
EndGlobal
